
Microsoft Visual Studio Solution File, Format Version 12.00
# Visual Studio Version 16
VisualStudioVersion = 16.0.29613.14
MinimumVisualStudioVersion = 10.0.40219.1
Project("{FAE04EC0-301F-11D3-BF4B-00C04F79EFBC}") = "Hello World", "Hello World\Hello World.csproj", "{B6F34425-0C7B-4ECD-B9F8-967C85086B29}"
EndProject
Global
	GlobalSection(SolutionConfigurationPlatforms) = preSolution
		Debug|Any CPU = Debug|Any CPU
		Release|Any CPU = Release|Any CPU
	EndGlobalSection
	GlobalSection(ProjectConfigurationPlatforms) = postSolution
		{B6F34425-0C7B-4ECD-B9F8-967C85086B29}.Debug|Any CPU.ActiveCfg = Debug|Any CPU
		{B6F34425-0C7B-4ECD-B9F8-967C85086B29}.Debug|Any CPU.Build.0 = Debug|Any CPU
		{B6F34425-0C7B-4ECD-B9F8-967C85086B29}.Release|Any CPU.ActiveCfg = Release|Any CPU
		{B6F34425-0C7B-4ECD-B9F8-967C85086B29}.Release|Any CPU.Build.0 = Release|Any CPU
	EndGlobalSection
	GlobalSection(SolutionProperties) = preSolution
		HideSolutionNode = FALSE
	EndGlobalSection
	GlobalSection(ExtensibilityGlobals) = postSolution
		SolutionGuid = {E8A1C9D2-BE86-41E1-BF0D-9A2533FA000A}
	EndGlobalSection
EndGlobal
