
Microsoft Visual Studio Solution File, Format Version 12.00
# Visual Studio Version 16
VisualStudioVersion = 16.0.29728.190
MinimumVisualStudioVersion = 10.0.40219.1
Project("{FAE04EC0-301F-11D3-BF4B-00C04F79EFBC}") = "Restaurant", "Restaurant\Restaurant.csproj", "{26D22089-A3BC-4007-A576-60D6FC75B48E}"
EndProject
Global
	GlobalSection(SolutionConfigurationPlatforms) = preSolution
		Debug|Any CPU = Debug|Any CPU
		Release|Any CPU = Release|Any CPU
	EndGlobalSection
	GlobalSection(ProjectConfigurationPlatforms) = postSolution
		{26D22089-A3BC-4007-A576-60D6FC75B48E}.Debug|Any CPU.ActiveCfg = Debug|Any CPU
		{26D22089-A3BC-4007-A576-60D6FC75B48E}.Debug|Any CPU.Build.0 = Debug|Any CPU
		{26D22089-A3BC-4007-A576-60D6FC75B48E}.Release|Any CPU.ActiveCfg = Release|Any CPU
		{26D22089-A3BC-4007-A576-60D6FC75B48E}.Release|Any CPU.Build.0 = Release|Any CPU
	EndGlobalSection
	GlobalSection(SolutionProperties) = preSolution
		HideSolutionNode = FALSE
	EndGlobalSection
	GlobalSection(ExtensibilityGlobals) = postSolution
		SolutionGuid = {4F28C07E-0DDD-4793-81D0-7A460CD7E692}
	EndGlobalSection
EndGlobal
